
Microsoft Visual Studio Solution File, Format Version 12.00
# Visual Studio 15
VisualStudioVersion = 15.0.27130.2027
MinimumVisualStudioVersion = 10.0.40219.1
Project("{FAE04EC0-301F-11D3-BF4B-00C04F79EFBC}") = "LastAndFinalVersion", "LastAndFinalVersion\LastAndFinalVersion.csproj", "{90AB6A92-5F8A-4B42-B333-8E12ED9C0178}"
EndProject
Global
	GlobalSection(SolutionConfigurationPlatforms) = preSolution
		Debug|Any CPU = Debug|Any CPU
		Release|Any CPU = Release|Any CPU
	EndGlobalSection
	GlobalSection(ProjectConfigurationPlatforms) = postSolution
		{90AB6A92-5F8A-4B42-B333-8E12ED9C0178}.Debug|Any CPU.ActiveCfg = Debug|Any CPU
		{90AB6A92-5F8A-4B42-B333-8E12ED9C0178}.Debug|Any CPU.Build.0 = Debug|Any CPU
		{90AB6A92-5F8A-4B42-B333-8E12ED9C0178}.Release|Any CPU.ActiveCfg = Release|Any CPU
		{90AB6A92-5F8A-4B42-B333-8E12ED9C0178}.Release|Any CPU.Build.0 = Release|Any CPU
	EndGlobalSection
	GlobalSection(SolutionProperties) = preSolution
		HideSolutionNode = FALSE
	EndGlobalSection
	GlobalSection(ExtensibilityGlobals) = postSolution
		SolutionGuid = {673D42C3-7667-488E-8556-A808366D81AF}
	EndGlobalSection
EndGlobal
